{
  "name": "fxr-node",
  "version": "1.0.0",
  "lockfileVersion": 3,
  "requires": true,
  "packages": {
    "": {
      "name": "fxr-node",
      "version": "1.0.0",
      "license": "ISC",
      "dependencies": {
        "@cccode/fxr": "^32.1.1"
      }
    },
    "node_modules/@cccode/fxr": {
      "version": "32.1.1",
      "resolved": "https://registry.npmjs.org/@cccode/fxr/-/fxr-32.1.1.tgz",
      "integrity": "sha512-RVTA3nmKslnHt6rzIt4nAcU7GWANkqhtYjFs9O4rpYKUtcvnCm8NYbTEY9kAPG8y3TFOKik8yx8l2m+vBh6Bbw==",
      "license": "Unlicense"
    }
  }
}
